
Microsoft Visual Studio Solution File, Format Version 12.00
# Visual Studio Version 16
VisualStudioVersion = 16.0.28729.10
MinimumVisualStudioVersion = 10.0.40219.1
Project("{2150E333-8FDC-42A3-9474-1A3956D46DE8}") = "Logs", "Logs", "{8D640771-DFFA-434B-8EE1-4469A0AC0D7B}"
	ProjectSection(SolutionItems) = preProject
		Logs\8th Week TeamLogs.xlsx = Logs\8th Week TeamLogs.xlsx
		Logs\9th Week TeamLogs.xlsx = Logs\9th Week TeamLogs.xlsx
	EndProjectSection
EndProject
Project("{2150E333-8FDC-42A3-9474-1A3956D46DE8}") = "Projects", "Projects", "{FAD24929-B824-4598-927F-F31F678C9C96}"
EndProject
Project("{9A19103F-16F7-4668-BE54-9A1E7A4F7556}") = "HospitalRegistry", "HospitalRegistry\HospitalRegistry.csproj", "{DD53D743-D8BF-4E89-9729-6EFB1DA71225}"
EndProject
Project("{FAE04EC0-301F-11D3-BF4B-00C04F79EFBC}") = "Aids", "Aids\Aids.csproj", "{500FFC7A-EF44-4730-B048-932A13E5E847}"
EndProject
Project("{FAE04EC0-301F-11D3-BF4B-00C04F79EFBC}") = "Core", "Core\Core.csproj", "{3ADBA739-B0E1-4F4F-B23B-BA1A364E1ABC}"
EndProject
Project("{FAE04EC0-301F-11D3-BF4B-00C04F79EFBC}") = "Facade", "Facade\Facade.csproj", "{C33D44CF-3183-4A3E-A643-A8C085109601}"
EndProject
Global
	GlobalSection(SolutionConfigurationPlatforms) = preSolution
		Debug|Any CPU = Debug|Any CPU
		Release|Any CPU = Release|Any CPU
	EndGlobalSection
	GlobalSection(ProjectConfigurationPlatforms) = postSolution
		{DD53D743-D8BF-4E89-9729-6EFB1DA71225}.Debug|Any CPU.ActiveCfg = Debug|Any CPU
		{DD53D743-D8BF-4E89-9729-6EFB1DA71225}.Debug|Any CPU.Build.0 = Debug|Any CPU
		{DD53D743-D8BF-4E89-9729-6EFB1DA71225}.Release|Any CPU.ActiveCfg = Release|Any CPU
		{DD53D743-D8BF-4E89-9729-6EFB1DA71225}.Release|Any CPU.Build.0 = Release|Any CPU
		{500FFC7A-EF44-4730-B048-932A13E5E847}.Debug|Any CPU.ActiveCfg = Debug|Any CPU
		{500FFC7A-EF44-4730-B048-932A13E5E847}.Debug|Any CPU.Build.0 = Debug|Any CPU
		{500FFC7A-EF44-4730-B048-932A13E5E847}.Release|Any CPU.ActiveCfg = Release|Any CPU
		{500FFC7A-EF44-4730-B048-932A13E5E847}.Release|Any CPU.Build.0 = Release|Any CPU
		{3ADBA739-B0E1-4F4F-B23B-BA1A364E1ABC}.Debug|Any CPU.ActiveCfg = Debug|Any CPU
		{3ADBA739-B0E1-4F4F-B23B-BA1A364E1ABC}.Debug|Any CPU.Build.0 = Debug|Any CPU
		{3ADBA739-B0E1-4F4F-B23B-BA1A364E1ABC}.Release|Any CPU.ActiveCfg = Release|Any CPU
		{3ADBA739-B0E1-4F4F-B23B-BA1A364E1ABC}.Release|Any CPU.Build.0 = Release|Any CPU
		{C33D44CF-3183-4A3E-A643-A8C085109601}.Debug|Any CPU.ActiveCfg = Debug|Any CPU
		{C33D44CF-3183-4A3E-A643-A8C085109601}.Debug|Any CPU.Build.0 = Debug|Any CPU
		{C33D44CF-3183-4A3E-A643-A8C085109601}.Release|Any CPU.ActiveCfg = Release|Any CPU
		{C33D44CF-3183-4A3E-A643-A8C085109601}.Release|Any CPU.Build.0 = Release|Any CPU
	EndGlobalSection
	GlobalSection(SolutionProperties) = preSolution
		HideSolutionNode = FALSE
	EndGlobalSection
	GlobalSection(NestedProjects) = preSolution
		{DD53D743-D8BF-4E89-9729-6EFB1DA71225} = {FAD24929-B824-4598-927F-F31F678C9C96}
		{500FFC7A-EF44-4730-B048-932A13E5E847} = {FAD24929-B824-4598-927F-F31F678C9C96}
		{3ADBA739-B0E1-4F4F-B23B-BA1A364E1ABC} = {FAD24929-B824-4598-927F-F31F678C9C96}
		{C33D44CF-3183-4A3E-A643-A8C085109601} = {FAD24929-B824-4598-927F-F31F678C9C96}
	EndGlobalSection
	GlobalSection(ExtensibilityGlobals) = postSolution
		SolutionGuid = {51BE1880-A812-4A16-B29B-DB80157BCADE}
	EndGlobalSection
EndGlobal
